{
  "name": "rockethacks25",
  "lockfileVersion": 3,
  "requires": true,
  "packages": {
    "": {
      "dependencies": {
        "@mistralai/mistralai": "^1.5.1"
      }
    },
    "node_modules/@mistralai/mistralai": {
      "version": "1.5.1",
      "resolved": "https://registry.npmjs.org/@mistralai/mistralai/-/mistralai-1.5.1.tgz",
      "integrity": "sha512-Ie0EH4dAO11MEXR5N2kS2cgr+ycTWvqN/yP9bKrtmUEqjdcF4i7DLxtrFMUw5l2dOPhrkX93G4SziFiATPWu2w==",
      "dependencies": {
        "zod-to-json-schema": "^3.24.1"
      },
      "peerDependencies": {
        "zod": ">= 3"
      }
    },
    "node_modules/zod": {
      "version": "3.24.2",
      "resolved": "https://registry.npmjs.org/zod/-/zod-3.24.2.tgz",
      "integrity": "sha512-lY7CDW43ECgW9u1TcT3IoXHflywfVqDYze4waEz812jR/bZ8FHDsl7pFQoSZTz5N+2NqRXs8GBwnAwo3ZNxqhQ==",
      "license": "MIT",
      "peer": true,
      "funding": {
        "url": "https://github.com/sponsors/colinhacks"
      }
    },
    "node_modules/zod-to-json-schema": {
      "version": "3.24.4",
      "resolved": "https://registry.npmjs.org/zod-to-json-schema/-/zod-to-json-schema-3.24.4.tgz",
      "integrity": "sha512-0uNlcvgabyrni9Ag8Vghj21drk7+7tp7VTwwR7KxxXXc/3pbXz2PHlDgj3cICahgF1kHm4dExBFj7BXrZJXzig==",
      "license": "ISC",
      "peerDependencies": {
        "zod": "^3.24.1"
      }
    }
  }
}
